// !$*UTF8*$!
{
	archiveVersion = 1;
	classes = {
	};
	objectVersion = 50;
	objects = {

/* Begin PBXBuildFile section */
		262A9C18256C114300EFB9DF /* AppDelegate.swift in Sources */ = {isa = PBXBuildFile; fileRef = 262A9C17256C114300EFB9DF /* AppDelegate.swift */; };
		262A9C1C256C114300EFB9DF /* Assets.xcassets in Resources */ = {isa = PBXBuildFile; fileRef = 262A9C1B256C114300EFB9DF /* Assets.xcassets */; };
		265BA2F6256C12A10083EB39 /* LaunchScreen.storyboard in Resources */ = {isa = PBXBuildFile; fileRef = 265BA2F5256C12A10083EB39 /* LaunchScreen.storyboard */; };
		2663409B256C1BBB00AB2E59 /* Designs.swift in Sources */ = {isa = PBXBuildFile; fileRef = 2663409A256C1BBB00AB2E59 /* Designs.swift */; };
		2663409F256C1D4700AB2E59 /* ImageClassifier.swift in Sources */ = {isa = PBXBuildFile; fileRef = 2663409E256C1D4700AB2E59 /* ImageClassifier.swift */; };
		266340A2256C1D7600AB2E59 /* Extensions.swift in Sources */ = {isa = PBXBuildFile; fileRef = 266340A1256C1D7600AB2E59 /* Extensions.swift */; };
		266340B1256C22AA00AB2E59 /* Granite.png in Resources */ = {isa = PBXBuildFile; fileRef = 266340B0256C22AA00AB2E59 /* Granite.png */; };
		26B8612A256C12FF003EBC61 /* Main.storyboard in Resources */ = {isa = PBXBuildFile; fileRef = 26B86129256C12FF003EBC61 /* Main.storyboard */; };
		26B8612D256C131D003EBC61 /* ViewController.swift in Sources */ = {isa = PBXBuildFile; fileRef = 26B8612C256C131D003EBC61 /* ViewController.swift */; };
/* End PBXBuildFile section */

/* Begin PBXFileReference section */
		262A9C14256C114200EFB9DF /* RockClassifier.app */ = {isa = PBXFileReference; explicitFileType = wrapper.application; includeInIndex = 0; path = RockClassifier.app; sourceTree = BUILT_PRODUCTS_DIR; };
		262A9C17256C114300EFB9DF /* AppDelegate.swift */ = {isa = PBXFileReference; lastKnownFileType = sourcecode.swift; path = AppDelegate.swift; sourceTree = "<group>"; };
		262A9C1B256C114300EFB9DF /* Assets.xcassets */ = {isa = PBXFileReference; lastKnownFileType = folder.assetcatalog; path = Assets.xcassets; sourceTree = "<group>"; };
		262A9C20256C114300EFB9DF /* Info.plist */ = {isa = PBXFileReference; lastKnownFileType = text.plist.xml; path = Info.plist; sourceTree = "<group>"; };
		265BA2F5256C12A10083EB39 /* LaunchScreen.storyboard */ = {isa = PBXFileReference; lastKnownFileType = file.storyboard; path = LaunchScreen.storyboard; sourceTree = "<group>"; };
		2663409A256C1BBB00AB2E59 /* Designs.swift */ = {isa = PBXFileReference; lastKnownFileType = sourcecode.swift; path = Designs.swift; sourceTree = "<group>"; };
		2663409E256C1D4700AB2E59 /* ImageClassifier.swift */ = {isa = PBXFileReference; lastKnownFileType = sourcecode.swift; path = ImageClassifier.swift; sourceTree = "<group>"; };
		266340A1256C1D7600AB2E59 /* Extensions.swift */ = {isa = PBXFileReference; lastKnownFileType = sourcecode.swift; path = Extensions.swift; sourceTree = "<group>"; };
		266340B0256C22AA00AB2E59 /* Granite.png */ = {isa = PBXFileReference; lastKnownFileType = image.png; path = Granite.png; sourceTree = "<group>"; };
		26B86129256C12FF003EBC61 /* Main.storyboard */ = {isa = PBXFileReference; lastKnownFileType = file.storyboard; name = Main.storyboard; path = RockClassifier/Main.storyboard; sourceTree = SOURCE_ROOT; };
		26B8612C256C131D003EBC61 /* ViewController.swift */ = {isa = PBXFileReference; lastKnownFileType = sourcecode.swift; path = ViewController.swift; sourceTree = "<group>"; };
/* End PBXFileReference section */

/* Begin PBXFrameworksBuildPhase section */
		262A9C11256C114200EFB9DF /* Frameworks */ = {
			isa = PBXFrameworksBuildPhase;
			buildActionMask = 2147483647;
			files = (
			);
			runOnlyForDeploymentPostprocessing = 0;
		};
/* End PBXFrameworksBuildPhase section */

/* Begin PBXGroup section */
		262A9C0B256C114200EFB9DF = {
			isa = PBXGroup;
			children = (
				262A9C16256C114200EFB9DF /* RockClassifier */,
				262A9C15256C114200EFB9DF /* Products */,
			);
			sourceTree = "<group>";
		};
		262A9C15256C114200EFB9DF /* Products */ = {
			isa = PBXGroup;
			children = (
				262A9C14256C114200EFB9DF /* RockClassifier.app */,
			);
			name = Products;
			sourceTree = "<group>";
		};
		262A9C16256C114200EFB9DF /* RockClassifier */ = {
			isa = PBXGroup;
			children = (
				26B86129256C12FF003EBC61 /* Main.storyboard */,
				265BA2F5256C12A10083EB39 /* LaunchScreen.storyboard */,
				26B86135256C1518003EBC61 /* Assets */,
				2663409E256C1D4700AB2E59 /* ImageClassifier.swift */,
				262A9C17256C114300EFB9DF /* AppDelegate.swift */,
				26B8612C256C131D003EBC61 /* ViewController.swift */,
				2663409A256C1BBB00AB2E59 /* Designs.swift */,
				266340A1256C1D7600AB2E59 /* Extensions.swift */,
			);
			path = RockClassifier;
			sourceTree = "<group>";
		};
		26B86135256C1518003EBC61 /* Assets */ = {
			isa = PBXGroup;
			children = (
				266340B0256C22AA00AB2E59 /* Granite.png */,
				262A9C1B256C114300EFB9DF /* Assets.xcassets */,
				262A9C20256C114300EFB9DF /* Info.plist */,
			);
			path = Assets;
			sourceTree = "<group>";
		};
/* End PBXGroup section */

/* Begin PBXNativeTarget section */
		262A9C13256C114200EFB9DF /* RockClassifier */ = {
			isa = PBXNativeTarget;
			buildConfigurationList = 262A9C23256C114300EFB9DF /* Build configuration list for PBXNativeTarget "RockClassifier" */;
			buildPhases = (
				262A9C10256C114200EFB9DF /* Sources */,
				262A9C11256C114200EFB9DF /* Frameworks */,
				262A9C12256C114200EFB9DF /* Resources */,
			);
			buildRules = (
			);
			dependencies = (
			);
			name = RockClassifier;
			productName = RockClassifier;
			productReference = 262A9C14256C114200EFB9DF /* RockClassifier.app */;
			productType = "com.apple.product-type.application";
		};
/* End PBXNativeTarget section */

/* Begin PBXProject section */
		262A9C0C256C114200EFB9DF /* Project object */ = {
			isa = PBXProject;
			attributes = {
				LastSwiftUpdateCheck = 1220;
				LastUpgradeCheck = 1220;
				TargetAttributes = {
					262A9C13256C114200EFB9DF = {
						CreatedOnToolsVersion = 12.2;
					};
				};
			};
			buildConfigurationList = 262A9C0F256C114200EFB9DF /* Build configuration list for PBXProject "RockClassifier" */;
			compatibilityVersion = "Xcode 9.3";
			developmentRegion = en;
			hasScannedForEncodings = 0;
			knownRegions = (
				en,
				Base,
			);
			mainGroup = 262A9C0B256C114200EFB9DF;
			productRefGroup = 262A9C15256C114200EFB9DF /* Products */;
			projectDirPath = "";
			projectRoot = "";
			targets = (
				262A9C13256C114200EFB9DF /* RockClassifier */,
			);
		};
/* End PBXProject section */

/* Begin PBXResourcesBuildPhase section */
		262A9C12256C114200EFB9DF /* Resources */ = {
			isa = PBXResourcesBuildPhase;
			buildActionMask = 2147483647;
			files = (
				265BA2F6256C12A10083EB39 /* LaunchScreen.storyboard in Resources */,
				262A9C1C256C114300EFB9DF /* Assets.xcassets in Resources */,
				26B8612A256C12FF003EBC61 /* Main.storyboard in Resources */,
				266340B1256C22AA00AB2E59 /* Granite.png in Resources */,
			);
			runOnlyForDeploymentPostprocessing = 0;
		};
/* End PBXResourcesBuildPhase section */

/* Begin PBXSourcesBuildPhase section */
		262A9C10256C114200EFB9DF /* Sources */ = {
			isa = PBXSourcesBuildPhase;
			buildActionMask = 2147483647;
			files = (
				266340A2256C1D7600AB2E59 /* Extensions.swift in Sources */,
				2663409F256C1D4700AB2E59 /* ImageClassifier.swift in Sources */,
				26B8612D256C131D003EBC61 /* ViewController.swift in Sources */,
				262A9C18256C114300EFB9DF /* AppDelegate.swift in Sources */,
				2663409B256C1BBB00AB2E59 /* Designs.swift in Sources */,
			);
			runOnlyForDeploymentPostprocessing = 0;
		};
/* End PBXSourcesBuildPhase section */

/* Begin XCBuildConfiguration section */
		262A9C21256C114300EFB9DF /* Debug */ = {
			isa = XCBuildConfiguration;
			buildSettings = {
				ALWAYS_SEARCH_USER_PATHS = NO;
				CLANG_ANALYZER_NONNULL = YES;
				CLANG_ANALYZER_NUMBER_OBJECT_CONVERSION = YES_AGGRESSIVE;
				CLANG_CXX_LANGUAGE_STANDARD = "gnu++14";
				CLANG_CXX_LIBRARY = "libc++";
				CLANG_ENABLE_MODULES = YES;
				CLANG_ENABLE_OBJC_ARC = YES;
				CLANG_ENABLE_OBJC_WEAK = YES;
				CLANG_WARN_BLOCK_CAPTURE_AUTORELEASING = YES;
				CLANG_WARN_BOOL_CONVERSION = YES;
				CLANG_WARN_COMMA = YES;
				CLANG_WARN_CONSTANT_CONVERSION = YES;
				CLANG_WARN_DEPRECATED_OBJC_IMPLEMENTATIONS = YES;
				CLANG_WARN_DIRECT_OBJC_ISA_USAGE = YES_ERROR;
				CLANG_WARN_DOCUMENTATION_COMMENTS = YES;
				CLANG_WARN_EMPTY_BODY = YES;
				CLANG_WARN_ENUM_CONVERSION = YES;
				CLANG_WARN_INFINITE_RECURSION = YES;
				CLANG_WARN_INT_CONVERSION = YES;
				CLANG_WARN_NON_LITERAL_NULL_CONVERSION = YES;
				CLANG_WARN_OBJC_IMPLICIT_RETAIN_SELF = YES;
				CLANG_WARN_OBJC_LITERAL_CONVERSION = YES;
				CLANG_WARN_OBJC_ROOT_CLASS = YES_ERROR;
				CLANG_WARN_QUOTED_INCLUDE_IN_FRAMEWORK_HEADER = YES;
				CLANG_WARN_RANGE_LOOP_ANALYSIS = YES;
				CLANG_WARN_STRICT_PROTOTYPES = YES;
				CLANG_WARN_SUSPICIOUS_MOVE = YES;
				CLANG_WARN_UNGUARDED_AVAILABILITY = YES_AGGRESSIVE;
				CLANG_WARN_UNREACHABLE_CODE = YES;
				CLANG_WARN__DUPLICATE_METHOD_MATCH = YES;
				COPY_PHASE_STRIP = NO;
				DEBUG_INFORMATION_FORMAT = dwarf;
				ENABLE_STRICT_OBJC_MSGSEND = YES;
				ENABLE_TESTABILITY = YES;
				GCC_C_LANGUAGE_STANDARD = gnu11;
				GCC_DYNAMIC_NO_PIC = NO;
				GCC_NO_COMMON_BLOCKS = YES;
				GCC_OPTIMIZATION_LEVEL = 0;
				GCC_PREPROCESSOR_DEFINITIONS = (
					"DEBUG=1",
					"$(inherited)",
				);
				GCC_WARN_64_TO_32_BIT_CONVERSION = YES;
				GCC_WARN_ABOUT_RETURN_TYPE = YES_ERROR;
				GCC_WARN_UNDECLARED_SELECTOR = YES;
				GCC_WARN_UNINITIALIZED_AUTOS = YES_AGGRESSIVE;
				GCC_WARN_UNUSED_FUNCTION = YES;
				GCC_WARN_UNUSED_VARIABLE = YES;
				IPHONEOS_DEPLOYMENT_TARGET = 14.2;
				MTL_ENABLE_DEBUG_INFO = INCLUDE_SOURCE;
				MTL_FAST_MATH = YES;
				ONLY_ACTIVE_ARCH = YES;
				SDKROOT = iphoneos;
				SWIFT_ACTIVE_COMPILATION_CONDITIONS = DEBUG;
				SWIFT_OPTIMIZATION_LEVEL = "-Onone";
			};
			name = Debug;
		};
		262A9C22256C114300EFB9DF /* Release */ = {
			isa = XCBuildConfiguration;
			buildSettings = {
				ALWAYS_SEARCH_USER_PATHS = NO;
				CLANG_ANALYZER_NONNULL = YES;
				CLANG_ANALYZER_NUMBER_OBJECT_CONVERSION = YES_AGGRESSIVE;
				CLANG_CXX_LANGUAGE_STANDARD = "gnu++14";
				CLANG_CXX_LIBRARY = "libc++";
				CLANG_ENABLE_MODULES = YES;
				CLANG_ENABLE_OBJC_ARC = YES;
				CLANG_ENABLE_OBJC_WEAK = YES;
				CLANG_WARN_BLOCK_CAPTURE_AUTORELEASING = YES;
				CLANG_WARN_BOOL_CONVERSION = YES;
				CLANG_WARN_COMMA = YES;
				CLANG_WARN_CONSTANT_CONVERSION = YES;
				CLANG_WARN_DEPRECATED_OBJC_IMPLEMENTATIONS = YES;
				CLANG_WARN_DIRECT_OBJC_ISA_USAGE = YES_ERROR;
				CLANG_WARN_DOCUMENTATION_COMMENTS = YES;
				CLANG_WARN_EMPTY_BODY = YES;
				CLANG_WARN_ENUM_CONVERSION = YES;
				CLANG_WARN_INFINITE_RECURSION = YES;
				CLANG_WARN_INT_CONVERSION = YES;
				CLANG_WARN_NON_LITERAL_NULL_CONVERSION = YES;
				CLANG_WARN_OBJC_IMPLICIT_RETAIN_SELF = YES;
				CLANG_WARN_OBJC_LITERAL_CONVERSION = YES;
				CLANG_WARN_OBJC_ROOT_CLASS = YES_ERROR;
				CLANG_WARN_QUOTED_INCLUDE_IN_FRAMEWORK_HEADER = YES;
				CLANG_WARN_RANGE_LOOP_ANALYSIS = YES;
				CLANG_WARN_STRICT_PROTOTYPES = YES;
				CLANG_WARN_SUSPICIOUS_MOVE = YES;
				CLANG_WARN_UNGUARDED_AVAILABILITY = YES_AGGRESSIVE;
				CLANG_WARN_UNREACHABLE_CODE = YES;
				CLANG_WARN__DUPLICATE_METHOD_MATCH = YES;
				COPY_PHASE_STRIP = NO;
				DEBUG_INFORMATION_FORMAT = "dwarf-with-dsym";
				ENABLE_NS_ASSERTIONS = NO;
				ENABLE_STRICT_OBJC_MSGSEND = YES;
				GCC_C_LANGUAGE_STANDARD = gnu11;
				GCC_NO_COMMON_BLOCKS = YES;
				GCC_WARN_64_TO_32_BIT_CONVERSION = YES;
				GCC_WARN_ABOUT_RETURN_TYPE = YES_ERROR;
				GCC_WARN_UNDECLARED_SELECTOR = YES;
				GCC_WARN_UNINITIALIZED_AUTOS = YES_AGGRESSIVE;
				GCC_WARN_UNUSED_FUNCTION = YES;
				GCC_WARN_UNUSED_VARIABLE = YES;
				IPHONEOS_DEPLOYMENT_TARGET = 14.2;
				MTL_ENABLE_DEBUG_INFO = NO;
				MTL_FAST_MATH = YES;
				SDKROOT = iphoneos;
				SWIFT_COMPILATION_MODE = wholemodule;
				SWIFT_OPTIMIZATION_LEVEL = "-O";
				VALIDATE_PRODUCT = YES;
			};
			name = Release;
		};
		262A9C24256C114300EFB9DF /* Debug */ = {
			isa = XCBuildConfiguration;
			buildSettings = {
				ASSETCATALOG_COMPILER_APPICON_NAME = AppIcon;
				ASSETCATALOG_COMPILER_GLOBAL_ACCENT_COLOR_NAME = AccentColor;
				CODE_SIGN_STYLE = Automatic;
				DEVELOPMENT_ASSET_PATHS = "";
				DEVELOPMENT_TEAM = 8PRU62NKG9;
				ENABLE_PREVIEWS = NO;
				INFOPLIST_FILE = RockClassifier/Assets/Info.plist;
				IPHONEOS_DEPLOYMENT_TARGET = 12.0;
				LD_RUNPATH_SEARCH_PATHS = (
					"$(inherited)",
					"@executable_path/Frameworks",
				);
				PRODUCT_BUNDLE_IDENTIFIER = com.icd.RockClassifier;
				PRODUCT_NAME = "$(TARGET_NAME)";
				SWIFT_VERSION = 5.0;
				TARGETED_DEVICE_FAMILY = "1,2";
			};
			name = Debug;
		};
		262A9C25256C114300EFB9DF /* Release */ = {
			isa = XCBuildConfiguration;
			buildSettings = {
				ASSETCATALOG_COMPILER_APPICON_NAME = AppIcon;
				ASSETCATALOG_COMPILER_GLOBAL_ACCENT_COLOR_NAME = AccentColor;
				CODE_SIGN_STYLE = Automatic;
				DEVELOPMENT_ASSET_PATHS = "";
				DEVELOPMENT_TEAM = 8PRU62NKG9;
				ENABLE_PREVIEWS = NO;
				INFOPLIST_FILE = RockClassifier/Assets/Info.plist;
				IPHONEOS_DEPLOYMENT_TARGET = 12.0;
				LD_RUNPATH_SEARCH_PATHS = (
					"$(inherited)",
					"@executable_path/Frameworks",
				);
				PRODUCT_BUNDLE_IDENTIFIER = com.icd.RockClassifier;
				PRODUCT_NAME = "$(TARGET_NAME)";
				SWIFT_VERSION = 5.0;
				TARGETED_DEVICE_FAMILY = "1,2";
			};
			name = Release;
		};
/* End XCBuildConfiguration section */

/* Begin XCConfigurationList section */
		262A9C0F256C114200EFB9DF /* Build configuration list for PBXProject "RockClassifier" */ = {
			isa = XCConfigurationList;
			buildConfigurations = (
				262A9C21256C114300EFB9DF /* Debug */,
				262A9C22256C114300EFB9DF /* Release */,
			);
			defaultConfigurationIsVisible = 0;
			defaultConfigurationName = Release;
		};
		262A9C23256C114300EFB9DF /* Build configuration list for PBXNativeTarget "RockClassifier" */ = {
			isa = XCConfigurationList;
			buildConfigurations = (
				262A9C24256C114300EFB9DF /* Debug */,
				262A9C25256C114300EFB9DF /* Release */,
			);
			defaultConfigurationIsVisible = 0;
			defaultConfigurationName = Release;
		};
/* End XCConfigurationList section */
	};
	rootObject = 262A9C0C256C114200EFB9DF /* Project object */;
}
